<?xml version="1.0" encoding="utf-8"?>
<Project ToolsVersion="4.0" xmlns="http://schemas.microsoft.com/developer/msbuild/2003">
  <ItemGroup>
    <Filter Include="Source Files">
      <UniqueIdentifier>{4FC737F1-C7A5-4376-A066-2A32D752A2FF}</UniqueIdentifier>
      <Extensions>cpp;c;cc;cxx;c++;cppm;ixx;def;odl;idl;hpj;bat;asm;asmx</Extensions>
    </Filter>
    <Filter Include="Resource Files">
      <UniqueIdentifier>{67DA6AB6-F800-4c08-8B7A-83BB121AAD01}</UniqueIdentifier>
      <Extensions>rc;ico;cur;bmp;dlg;rc2;rct;bin;rgs;gif;jpg;jpeg;jpe;resx;tiff;tif;png;wav;mfcribbon-ms</Extensions>
    </Filter>
    <Filter Include="Header File">
      <UniqueIdentifier>{4795b403-de33-486b-a6d2-b28e6d396f2c}</UniqueIdentifier>
    </Filter>
  </ItemGroup>
  <ItemGroup>
    <ClCompile Include="CNN.cpp">
      <Filter>Source Files</Filter>
    </ClCompile>
    <ClCompile Include="CNN_tb.cpp">
      <Filter>Source Files</Filter>
    </ClCompile>
    <ClCompile Include="Conv.cpp">
      <Filter>Source Files</Filter>
    </ClCompile>
    <ClCompile Include="Dense.cpp">
      <Filter>Source Files</Filter>
    </ClCompile>
    <ClCompile Include="Pool.cpp">
      <Filter>Source Files</Filter>
    </ClCompile>
  </ItemGroup>
  <ItemGroup>
    <ClInclude Include="CNN.h">
      <Filter>Header File</Filter>
    </ClInclude>
    <ClInclude Include="Conv.h">
      <Filter>Header File</Filter>
    </ClInclude>
    <ClInclude Include="Dense.h">
      <Filter>Header File</Filter>
    </ClInclude>
    <ClInclude Include="Pool.h">
      <Filter>Header File</Filter>
    </ClInclude>
  </ItemGroup>
  <ItemGroup>
    <Text Include="Float_Weights.txt">
      <Filter>Resource Files</Filter>
    </Text>
    <Text Include="Input.txt">
      <Filter>Resource Files</Filter>
    </Text>
  </ItemGroup>
</Project>